
Microsoft Visual Studio Solution File, Format Version 12.00
# Visual Studio 15
VisualStudioVersion = 15.0.27703.2026
MinimumVisualStudioVersion = 10.0.40219.1
Project("{FAE04EC0-301F-11D3-BF4B-00C04F79EFBC}") = "TestAsync", "TestAsync\TestAsync.csproj", "{D0D82B64-398E-459E-A086-C744181DFFDD}"
EndProject
Global
	GlobalSection(SolutionConfigurationPlatforms) = preSolution
		Debug|Any CPU = Debug|Any CPU
		Release|Any CPU = Release|Any CPU
	EndGlobalSection
	GlobalSection(ProjectConfigurationPlatforms) = postSolution
		{D0D82B64-398E-459E-A086-C744181DFFDD}.Debug|Any CPU.ActiveCfg = Debug|Any CPU
		{D0D82B64-398E-459E-A086-C744181DFFDD}.Debug|Any CPU.Build.0 = Debug|Any CPU
		{D0D82B64-398E-459E-A086-C744181DFFDD}.Release|Any CPU.ActiveCfg = Release|Any CPU
		{D0D82B64-398E-459E-A086-C744181DFFDD}.Release|Any CPU.Build.0 = Release|Any CPU
	EndGlobalSection
	GlobalSection(SolutionProperties) = preSolution
		HideSolutionNode = FALSE
	EndGlobalSection
	GlobalSection(ExtensibilityGlobals) = postSolution
		SolutionGuid = {636E7302-9160-4134-824B-9C1ABDC585B3}
	EndGlobalSection
EndGlobal
